
Microsoft Visual Studio Solution File, Format Version 12.00
# Visual Studio Version 17
VisualStudioVersion = 17.0.31903.59
MinimumVisualStudioVersion = 10.0.40219.1
Project("{FAE04EC0-301F-11D3-BF4B-00C04F79EFBC}") = "OutboxPattern.Api", "OutboxPattern.Api\OutboxPattern.Api.csproj", "{D5C557E6-C430-4FED-95A1-A623D2E3EBEE}"
EndProject
Project("{FAE04EC0-301F-11D3-BF4B-00C04F79EFBC}") = "OutboxPattern.Domain", "OutboxPattern.Domain\OutboxPattern.Domain.csproj", "{1039E5E7-AC8E-475F-8597-B949609E8AD1}"
EndProject
Project("{FAE04EC0-301F-11D3-BF4B-00C04F79EFBC}") = "OutboxPattern.Infrastructure", "OutboxPattern.Infrastructure\OutboxPattern.Infrastructure.csproj", "{4C0F1AD7-6BED-4B1A-B192-35DF1687E251}"
EndProject
Global
	GlobalSection(SolutionConfigurationPlatforms) = preSolution
		Debug|Any CPU = Debug|Any CPU
		Debug|x64 = Debug|x64
		Debug|x86 = Debug|x86
		Release|Any CPU = Release|Any CPU
		Release|x64 = Release|x64
		Release|x86 = Release|x86
	EndGlobalSection
	GlobalSection(ProjectConfigurationPlatforms) = postSolution
		{D5C557E6-C430-4FED-95A1-A623D2E3EBEE}.Debug|Any CPU.ActiveCfg = Debug|Any CPU
		{D5C557E6-C430-4FED-95A1-A623D2E3EBEE}.Debug|Any CPU.Build.0 = Debug|Any CPU
		{D5C557E6-C430-4FED-95A1-A623D2E3EBEE}.Debug|x64.ActiveCfg = Debug|Any CPU
		{D5C557E6-C430-4FED-95A1-A623D2E3EBEE}.Debug|x64.Build.0 = Debug|Any CPU
		{D5C557E6-C430-4FED-95A1-A623D2E3EBEE}.Debug|x86.ActiveCfg = Debug|Any CPU
		{D5C557E6-C430-4FED-95A1-A623D2E3EBEE}.Debug|x86.Build.0 = Debug|Any CPU
		{D5C557E6-C430-4FED-95A1-A623D2E3EBEE}.Release|Any CPU.ActiveCfg = Release|Any CPU
		{D5C557E6-C430-4FED-95A1-A623D2E3EBEE}.Release|Any CPU.Build.0 = Release|Any CPU
		{D5C557E6-C430-4FED-95A1-A623D2E3EBEE}.Release|x64.ActiveCfg = Release|Any CPU
		{D5C557E6-C430-4FED-95A1-A623D2E3EBEE}.Release|x64.Build.0 = Release|Any CPU
		{D5C557E6-C430-4FED-95A1-A623D2E3EBEE}.Release|x86.ActiveCfg = Release|Any CPU
		{D5C557E6-C430-4FED-95A1-A623D2E3EBEE}.Release|x86.Build.0 = Release|Any CPU
		{1039E5E7-AC8E-475F-8597-B949609E8AD1}.Debug|Any CPU.ActiveCfg = Debug|Any CPU
		{1039E5E7-AC8E-475F-8597-B949609E8AD1}.Debug|Any CPU.Build.0 = Debug|Any CPU
		{1039E5E7-AC8E-475F-8597-B949609E8AD1}.Debug|x64.ActiveCfg = Debug|Any CPU
		{1039E5E7-AC8E-475F-8597-B949609E8AD1}.Debug|x64.Build.0 = Debug|Any CPU
		{1039E5E7-AC8E-475F-8597-B949609E8AD1}.Debug|x86.ActiveCfg = Debug|Any CPU
		{1039E5E7-AC8E-475F-8597-B949609E8AD1}.Debug|x86.Build.0 = Debug|Any CPU
		{1039E5E7-AC8E-475F-8597-B949609E8AD1}.Release|Any CPU.ActiveCfg = Release|Any CPU
		{1039E5E7-AC8E-475F-8597-B949609E8AD1}.Release|Any CPU.Build.0 = Release|Any CPU
		{1039E5E7-AC8E-475F-8597-B949609E8AD1}.Release|x64.ActiveCfg = Release|Any CPU
		{1039E5E7-AC8E-475F-8597-B949609E8AD1}.Release|x64.Build.0 = Release|Any CPU
		{1039E5E7-AC8E-475F-8597-B949609E8AD1}.Release|x86.ActiveCfg = Release|Any CPU
		{1039E5E7-AC8E-475F-8597-B949609E8AD1}.Release|x86.Build.0 = Release|Any CPU
		{4C0F1AD7-6BED-4B1A-B192-35DF1687E251}.Debug|Any CPU.ActiveCfg = Debug|Any CPU
		{4C0F1AD7-6BED-4B1A-B192-35DF1687E251}.Debug|Any CPU.Build.0 = Debug|Any CPU
		{4C0F1AD7-6BED-4B1A-B192-35DF1687E251}.Debug|x64.ActiveCfg = Debug|Any CPU
		{4C0F1AD7-6BED-4B1A-B192-35DF1687E251}.Debug|x64.Build.0 = Debug|Any CPU
		{4C0F1AD7-6BED-4B1A-B192-35DF1687E251}.Debug|x86.ActiveCfg = Debug|Any CPU
		{4C0F1AD7-6BED-4B1A-B192-35DF1687E251}.Debug|x86.Build.0 = Debug|Any CPU
		{4C0F1AD7-6BED-4B1A-B192-35DF1687E251}.Release|Any CPU.ActiveCfg = Release|Any CPU
		{4C0F1AD7-6BED-4B1A-B192-35DF1687E251}.Release|Any CPU.Build.0 = Release|Any CPU
		{4C0F1AD7-6BED-4B1A-B192-35DF1687E251}.Release|x64.ActiveCfg = Release|Any CPU
		{4C0F1AD7-6BED-4B1A-B192-35DF1687E251}.Release|x64.Build.0 = Release|Any CPU
		{4C0F1AD7-6BED-4B1A-B192-35DF1687E251}.Release|x86.ActiveCfg = Release|Any CPU
		{4C0F1AD7-6BED-4B1A-B192-35DF1687E251}.Release|x86.Build.0 = Release|Any CPU
	EndGlobalSection
	GlobalSection(SolutionProperties) = preSolution
		HideSolutionNode = FALSE
	EndGlobalSection
EndGlobal
