
Microsoft Visual Studio Solution File, Format Version 12.00
# Visual Studio Version 17
VisualStudioVersion = 17.0.31903.59
MinimumVisualStudioVersion = 10.0.40219.1
Project("{FAE04EC0-301F-11D3-BF4B-00C04F79EFBC}") = "MultiTenancy.Api", "MultiTenancy.Api\MultiTenancy.Api.csproj", "{0CDF2CD9-5A3E-431C-9919-D12A92595012}"
EndProject
Project("{FAE04EC0-301F-11D3-BF4B-00C04F79EFBC}") = "MultiTenancy.Domain", "MultiTenancy.Domain\MultiTenancy.Domain.csproj", "{8B05AE42-3AF2-4612-97EA-6BE69078F345}"
EndProject
Project("{FAE04EC0-301F-11D3-BF4B-00C04F79EFBC}") = "MultiTenancy.Infrastructure", "MultiTenancy.Infrastructure\MultiTenancy.Infrastructure.csproj", "{DCA9DB1D-E09E-4DC2-860D-FB048B4BAD2E}"
EndProject
Global
	GlobalSection(SolutionConfigurationPlatforms) = preSolution
		Debug|Any CPU = Debug|Any CPU
		Release|Any CPU = Release|Any CPU
	EndGlobalSection
	GlobalSection(SolutionProperties) = preSolution
		HideSolutionNode = FALSE
	EndGlobalSection
	GlobalSection(ProjectConfigurationPlatforms) = postSolution
		{0CDF2CD9-5A3E-431C-9919-D12A92595012}.Debug|Any CPU.ActiveCfg = Debug|Any CPU
		{0CDF2CD9-5A3E-431C-9919-D12A92595012}.Debug|Any CPU.Build.0 = Debug|Any CPU
		{0CDF2CD9-5A3E-431C-9919-D12A92595012}.Release|Any CPU.ActiveCfg = Release|Any CPU
		{0CDF2CD9-5A3E-431C-9919-D12A92595012}.Release|Any CPU.Build.0 = Release|Any CPU
		{8B05AE42-3AF2-4612-97EA-6BE69078F345}.Debug|Any CPU.ActiveCfg = Debug|Any CPU
		{8B05AE42-3AF2-4612-97EA-6BE69078F345}.Debug|Any CPU.Build.0 = Debug|Any CPU
		{8B05AE42-3AF2-4612-97EA-6BE69078F345}.Release|Any CPU.ActiveCfg = Release|Any CPU
		{8B05AE42-3AF2-4612-97EA-6BE69078F345}.Release|Any CPU.Build.0 = Release|Any CPU
		{DCA9DB1D-E09E-4DC2-860D-FB048B4BAD2E}.Debug|Any CPU.ActiveCfg = Debug|Any CPU
		{DCA9DB1D-E09E-4DC2-860D-FB048B4BAD2E}.Debug|Any CPU.Build.0 = Debug|Any CPU
		{DCA9DB1D-E09E-4DC2-860D-FB048B4BAD2E}.Release|Any CPU.ActiveCfg = Release|Any CPU
		{DCA9DB1D-E09E-4DC2-860D-FB048B4BAD2E}.Release|Any CPU.Build.0 = Release|Any CPU
	EndGlobalSection
EndGlobal
